// !$*UTF8*$!
{
	archiveVersion = 1;
	classes = {
	};
	objectVersion = 46;
	objects = {

/* Begin PBXBuildFile section */
		DE9E126C1D127AA700A0179D /* AppDelegate.swift in Sources */ = {isa = PBXBuildFile; fileRef = DE9E126B1D127AA700A0179D /* AppDelegate.swift */; };
		DE9E126E1D127AA700A0179D /* ViewController.swift in Sources */ = {isa = PBXBuildFile; fileRef = DE9E126D1D127AA700A0179D /* ViewController.swift */; };
		DE9E12711D127AA700A0179D /* Main.storyboard in Resources */ = {isa = PBXBuildFile; fileRef = DE9E126F1D127AA700A0179D /* Main.storyboard */; };
		DE9E12731D127AA700A0179D /* Assets.xcassets in Resources */ = {isa = PBXBuildFile; fileRef = DE9E12721D127AA700A0179D /* Assets.xcassets */; };
		DE9E12761D127AA800A0179D /* LaunchScreen.storyboard in Resources */ = {isa = PBXBuildFile; fileRef = DE9E12741D127AA800A0179D /* LaunchScreen.storyboard */; };
		DE9E12811D127AA800A0179D /* BookWormTests.swift in Sources */ = {isa = PBXBuildFile; fileRef = DE9E12801D127AA800A0179D /* BookWormTests.swift */; };
		DE9E128C1D127AA800A0179D /* BookWormUITests.swift in Sources */ = {isa = PBXBuildFile; fileRef = DE9E128B1D127AA800A0179D /* BookWormUITests.swift */; };
/* End PBXBuildFile section */

/* Begin PBXContainerItemProxy section */
		DE9E127D1D127AA800A0179D /* PBXContainerItemProxy */ = {
			isa = PBXContainerItemProxy;
			containerPortal = DE9E12601D127AA700A0179D /* Project object */;
			proxyType = 1;
			remoteGlobalIDString = DE9E12671D127AA700A0179D;
			remoteInfo = BookWorm;
		};
		DE9E12881D127AA800A0179D /* PBXContainerItemProxy */ = {
			isa = PBXContainerItemProxy;
			containerPortal = DE9E12601D127AA700A0179D /* Project object */;
			proxyType = 1;
			remoteGlobalIDString = DE9E12671D127AA700A0179D;
			remoteInfo = BookWorm;
		};
/* End PBXContainerItemProxy section */

/* Begin PBXFileReference section */
		DE9E12681D127AA700A0179D /* BookWorm.app */ = {isa = PBXFileReference; explicitFileType = wrapper.application; includeInIndex = 0; path = BookWorm.app; sourceTree = BUILT_PRODUCTS_DIR; };
		DE9E126B1D127AA700A0179D /* AppDelegate.swift */ = {isa = PBXFileReference; lastKnownFileType = sourcecode.swift; path = AppDelegate.swift; sourceTree = "<group>"; };
		DE9E126D1D127AA700A0179D /* ViewController.swift */ = {isa = PBXFileReference; lastKnownFileType = sourcecode.swift; path = ViewController.swift; sourceTree = "<group>"; };
		DE9E12701D127AA700A0179D /* Base */ = {isa = PBXFileReference; lastKnownFileType = file.storyboard; name = Base; path = Base.lproj/Main.storyboard; sourceTree = "<group>"; };
		DE9E12721D127AA700A0179D /* Assets.xcassets */ = {isa = PBXFileReference; lastKnownFileType = folder.assetcatalog; path = Assets.xcassets; sourceTree = "<group>"; };
		DE9E12751D127AA800A0179D /* Base */ = {isa = PBXFileReference; lastKnownFileType = file.storyboard; name = Base; path = Base.lproj/LaunchScreen.storyboard; sourceTree = "<group>"; };
		DE9E12771D127AA800A0179D /* Info.plist */ = {isa = PBXFileReference; lastKnownFileType = text.plist.xml; path = Info.plist; sourceTree = "<group>"; };
		DE9E127C1D127AA800A0179D /* BookWormTests.xctest */ = {isa = PBXFileReference; explicitFileType = wrapper.cfbundle; includeInIndex = 0; path = BookWormTests.xctest; sourceTree = BUILT_PRODUCTS_DIR; };
		DE9E12801D127AA800A0179D /* BookWormTests.swift */ = {isa = PBXFileReference; lastKnownFileType = sourcecode.swift; path = BookWormTests.swift; sourceTree = "<group>"; };
		DE9E12821D127AA800A0179D /* Info.plist */ = {isa = PBXFileReference; lastKnownFileType = text.plist.xml; path = Info.plist; sourceTree = "<group>"; };
		DE9E12871D127AA800A0179D /* BookWormUITests.xctest */ = {isa = PBXFileReference; explicitFileType = wrapper.cfbundle; includeInIndex = 0; path = BookWormUITests.xctest; sourceTree = BUILT_PRODUCTS_DIR; };
		DE9E128B1D127AA800A0179D /* BookWormUITests.swift */ = {isa = PBXFileReference; lastKnownFileType = sourcecode.swift; path = BookWormUITests.swift; sourceTree = "<group>"; };
		DE9E128D1D127AA800A0179D /* Info.plist */ = {isa = PBXFileReference; lastKnownFileType = text.plist.xml; path = Info.plist; sourceTree = "<group>"; };
/* End PBXFileReference section */

/* Begin PBXFrameworksBuildPhase section */
		DE9E12651D127AA700A0179D /* Frameworks */ = {
			isa = PBXFrameworksBuildPhase;
			buildActionMask = 2147483647;
			files = (
			);
			runOnlyForDeploymentPostprocessing = 0;
		};
		DE9E12791D127AA800A0179D /* Frameworks */ = {
			isa = PBXFrameworksBuildPhase;
			buildActionMask = 2147483647;
			files = (
			);
			runOnlyForDeploymentPostprocessing = 0;
		};
		DE9E12841D127AA800A0179D /* Frameworks */ = {
			isa = PBXFrameworksBuildPhase;
			buildActionMask = 2147483647;
			files = (
			);
			runOnlyForDeploymentPostprocessing = 0;
		};
/* End PBXFrameworksBuildPhase section */

/* Begin PBXGroup section */
		DE9E125F1D127AA700A0179D = {
			isa = PBXGroup;
			children = (
				DE9E126A1D127AA700A0179D /* BookWorm */,
				DE9E127F1D127AA800A0179D /* BookWormTests */,
				DE9E128A1D127AA800A0179D /* BookWormUITests */,
				DE9E12691D127AA700A0179D /* Products */,
			);
			sourceTree = "<group>";
		};
		DE9E12691D127AA700A0179D /* Products */ = {
			isa = PBXGroup;
			children = (
				DE9E12681D127AA700A0179D /* BookWorm.app */,
				DE9E127C1D127AA800A0179D /* BookWormTests.xctest */,
				DE9E12871D127AA800A0179D /* BookWormUITests.xctest */,
			);
			name = Products;
			sourceTree = "<group>";
		};
		DE9E126A1D127AA700A0179D /* BookWorm */ = {
			isa = PBXGroup;
			children = (
				DE9E126B1D127AA700A0179D /* AppDelegate.swift */,
				DE9E126D1D127AA700A0179D /* ViewController.swift */,
				DE9E126F1D127AA700A0179D /* Main.storyboard */,
				DE9E12721D127AA700A0179D /* Assets.xcassets */,
				DE9E12741D127AA800A0179D /* LaunchScreen.storyboard */,
				DE9E12771D127AA800A0179D /* Info.plist */,
			);
			path = BookWorm;
			sourceTree = "<group>";
		};
		DE9E127F1D127AA800A0179D /* BookWormTests */ = {
			isa = PBXGroup;
			children = (
				DE9E12801D127AA800A0179D /* BookWormTests.swift */,
				DE9E12821D127AA800A0179D /* Info.plist */,
			);
			path = BookWormTests;
			sourceTree = "<group>";
		};
		DE9E128A1D127AA800A0179D /* BookWormUITests */ = {
			isa = PBXGroup;
			children = (
				DE9E128B1D127AA800A0179D /* BookWormUITests.swift */,
				DE9E128D1D127AA800A0179D /* Info.plist */,
			);
			path = BookWormUITests;
			sourceTree = "<group>";
		};
/* End PBXGroup section */

/* Begin PBXNativeTarget section */
		DE9E12671D127AA700A0179D /* BookWorm */ = {
			isa = PBXNativeTarget;
			buildConfigurationList = DE9E12901D127AA800A0179D /* Build configuration list for PBXNativeTarget "BookWorm" */;
			buildPhases = (
				DE9E12641D127AA700A0179D /* Sources */,
				DE9E12651D127AA700A0179D /* Frameworks */,
				DE9E12661D127AA700A0179D /* Resources */,
			);
			buildRules = (
			);
			dependencies = (
			);
			name = BookWorm;
			productName = BookWorm;
			productReference = DE9E12681D127AA700A0179D /* BookWorm.app */;
			productType = "com.apple.product-type.application";
		};
		DE9E127B1D127AA800A0179D /* BookWormTests */ = {
			isa = PBXNativeTarget;
			buildConfigurationList = DE9E12931D127AA800A0179D /* Build configuration list for PBXNativeTarget "BookWormTests" */;
			buildPhases = (
				DE9E12781D127AA800A0179D /* Sources */,
				DE9E12791D127AA800A0179D /* Frameworks */,
				DE9E127A1D127AA800A0179D /* Resources */,
			);
			buildRules = (
			);
			dependencies = (
				DE9E127E1D127AA800A0179D /* PBXTargetDependency */,
			);
			name = BookWormTests;
			productName = BookWormTests;
			productReference = DE9E127C1D127AA800A0179D /* BookWormTests.xctest */;
			productType = "com.apple.product-type.bundle.unit-test";
		};
		DE9E12861D127AA800A0179D /* BookWormUITests */ = {
			isa = PBXNativeTarget;
			buildConfigurationList = DE9E12961D127AA800A0179D /* Build configuration list for PBXNativeTarget "BookWormUITests" */;
			buildPhases = (
				DE9E12831D127AA800A0179D /* Sources */,
				DE9E12841D127AA800A0179D /* Frameworks */,
				DE9E12851D127AA800A0179D /* Resources */,
			);
			buildRules = (
			);
			dependencies = (
				DE9E12891D127AA800A0179D /* PBXTargetDependency */,
			);
			name = BookWormUITests;
			productName = BookWormUITests;
			productReference = DE9E12871D127AA800A0179D /* BookWormUITests.xctest */;
			productType = "com.apple.product-type.bundle.ui-testing";
		};
/* End PBXNativeTarget section */

/* Begin PBXProject section */
		DE9E12601D127AA700A0179D /* Project object */ = {
			isa = PBXProject;
			attributes = {
				LastSwiftUpdateCheck = 0730;
				LastUpgradeCheck = 0730;
				ORGANIZATIONNAME = "Hegde, Vikram";
				TargetAttributes = {
					DE9E12671D127AA700A0179D = {
						CreatedOnToolsVersion = 7.3.1;
					};
					DE9E127B1D127AA800A0179D = {
						CreatedOnToolsVersion = 7.3.1;
						TestTargetID = DE9E12671D127AA700A0179D;
					};
					DE9E12861D127AA800A0179D = {
						CreatedOnToolsVersion = 7.3.1;
						TestTargetID = DE9E12671D127AA700A0179D;
					};
				};
			};
			buildConfigurationList = DE9E12631D127AA700A0179D /* Build configuration list for PBXProject "BookWorm" */;
			compatibilityVersion = "Xcode 3.2";
			developmentRegion = English;
			hasScannedForEncodings = 0;
			knownRegions = (
				en,
				Base,
			);
			mainGroup = DE9E125F1D127AA700A0179D;
			productRefGroup = DE9E12691D127AA700A0179D /* Products */;
			projectDirPath = "";
			projectRoot = "";
			targets = (
				DE9E12671D127AA700A0179D /* BookWorm */,
				DE9E127B1D127AA800A0179D /* BookWormTests */,
				DE9E12861D127AA800A0179D /* BookWormUITests */,
			);
		};
/* End PBXProject section */

/* Begin PBXResourcesBuildPhase section */
		DE9E12661D127AA700A0179D /* Resources */ = {
			isa = PBXResourcesBuildPhase;
			buildActionMask = 2147483647;
			files = (
				DE9E12761D127AA800A0179D /* LaunchScreen.storyboard in Resources */,
				DE9E12731D127AA700A0179D /* Assets.xcassets in Resources */,
				DE9E12711D127AA700A0179D /* Main.storyboard in Resources */,
			);
			runOnlyForDeploymentPostprocessing = 0;
		};
		DE9E127A1D127AA800A0179D /* Resources */ = {
			isa = PBXResourcesBuildPhase;
			buildActionMask = 2147483647;
			files = (
			);
			runOnlyForDeploymentPostprocessing = 0;
		};
		DE9E12851D127AA800A0179D /* Resources */ = {
			isa = PBXResourcesBuildPhase;
			buildActionMask = 2147483647;
			files = (
			);
			runOnlyForDeploymentPostprocessing = 0;
		};
/* End PBXResourcesBuildPhase section */

/* Begin PBXSourcesBuildPhase section */
		DE9E12641D127AA700A0179D /* Sources */ = {
			isa = PBXSourcesBuildPhase;
			buildActionMask = 2147483647;
			files = (
				DE9E126E1D127AA700A0179D /* ViewController.swift in Sources */,
				DE9E126C1D127AA700A0179D /* AppDelegate.swift in Sources */,
			);
			runOnlyForDeploymentPostprocessing = 0;
		};
		DE9E12781D127AA800A0179D /* Sources */ = {
			isa = PBXSourcesBuildPhase;
			buildActionMask = 2147483647;
			files = (
				DE9E12811D127AA800A0179D /* BookWormTests.swift in Sources */,
			);
			runOnlyForDeploymentPostprocessing = 0;
		};
		DE9E12831D127AA800A0179D /* Sources */ = {
			isa = PBXSourcesBuildPhase;
			buildActionMask = 2147483647;
			files = (
				DE9E128C1D127AA800A0179D /* BookWormUITests.swift in Sources */,
			);
			runOnlyForDeploymentPostprocessing = 0;
		};
/* End PBXSourcesBuildPhase section */

/* Begin PBXTargetDependency section */
		DE9E127E1D127AA800A0179D /* PBXTargetDependency */ = {
			isa = PBXTargetDependency;
			target = DE9E12671D127AA700A0179D /* BookWorm */;
			targetProxy = DE9E127D1D127AA800A0179D /* PBXContainerItemProxy */;
		};
		DE9E12891D127AA800A0179D /* PBXTargetDependency */ = {
			isa = PBXTargetDependency;
			target = DE9E12671D127AA700A0179D /* BookWorm */;
			targetProxy = DE9E12881D127AA800A0179D /* PBXContainerItemProxy */;
		};
/* End PBXTargetDependency section */

/* Begin PBXVariantGroup section */
		DE9E126F1D127AA700A0179D /* Main.storyboard */ = {
			isa = PBXVariantGroup;
			children = (
				DE9E12701D127AA700A0179D /* Base */,
			);
			name = Main.storyboard;
			sourceTree = "<group>";
		};
		DE9E12741D127AA800A0179D /* LaunchScreen.storyboard */ = {
			isa = PBXVariantGroup;
			children = (
				DE9E12751D127AA800A0179D /* Base */,
			);
			name = LaunchScreen.storyboard;
			sourceTree = "<group>";
		};
/* End PBXVariantGroup section */

/* Begin XCBuildConfiguration section */
		DE9E128E1D127AA800A0179D /* Debug */ = {
			isa = XCBuildConfiguration;
			buildSettings = {
				ALWAYS_SEARCH_USER_PATHS = NO;
				CLANG_ANALYZER_NONNULL = YES;
				CLANG_CXX_LANGUAGE_STANDARD = "gnu++0x";
				CLANG_CXX_LIBRARY = "libc++";
				CLANG_ENABLE_MODULES = YES;
				CLANG_ENABLE_OBJC_ARC = YES;
				CLANG_WARN_BOOL_CONVERSION = YES;
				CLANG_WARN_CONSTANT_CONVERSION = YES;
				CLANG_WARN_DIRECT_OBJC_ISA_USAGE = YES_ERROR;
				CLANG_WARN_EMPTY_BODY = YES;
				CLANG_WARN_ENUM_CONVERSION = YES;
				CLANG_WARN_INT_CONVERSION = YES;
				CLANG_WARN_OBJC_ROOT_CLASS = YES_ERROR;
				CLANG_WARN_UNREACHABLE_CODE = YES;
				CLANG_WARN__DUPLICATE_METHOD_MATCH = YES;
				"CODE_SIGN_IDENTITY[sdk=iphoneos*]" = "iPhone Developer";
				COPY_PHASE_STRIP = NO;
				DEBUG_INFORMATION_FORMAT = dwarf;
				ENABLE_STRICT_OBJC_MSGSEND = YES;
				ENABLE_TESTABILITY = YES;
				GCC_C_LANGUAGE_STANDARD = gnu99;
				GCC_DYNAMIC_NO_PIC = NO;
				GCC_NO_COMMON_BLOCKS = YES;
				GCC_OPTIMIZATION_LEVEL = 0;
				GCC_PREPROCESSOR_DEFINITIONS = (
					"DEBUG=1",
					"$(inherited)",
				);
				GCC_WARN_64_TO_32_BIT_CONVERSION = YES;
				GCC_WARN_ABOUT_RETURN_TYPE = YES_ERROR;
				GCC_WARN_UNDECLARED_SELECTOR = YES;
				GCC_WARN_UNINITIALIZED_AUTOS = YES_AGGRESSIVE;
				GCC_WARN_UNUSED_FUNCTION = YES;
				GCC_WARN_UNUSED_VARIABLE = YES;
				IPHONEOS_DEPLOYMENT_TARGET = 9.3;
				MTL_ENABLE_DEBUG_INFO = YES;
				ONLY_ACTIVE_ARCH = YES;
				SDKROOT = iphoneos;
				SWIFT_OPTIMIZATION_LEVEL = "-Onone";
				TARGETED_DEVICE_FAMILY = "1,2";
			};
			name = Debug;
		};
		DE9E128F1D127AA800A0179D /* Release */ = {
			isa = XCBuildConfiguration;
			buildSettings = {
				ALWAYS_SEARCH_USER_PATHS = NO;
				CLANG_ANALYZER_NONNULL = YES;
				CLANG_CXX_LANGUAGE_STANDARD = "gnu++0x";
				CLANG_CXX_LIBRARY = "libc++";
				CLANG_ENABLE_MODULES = YES;
				CLANG_ENABLE_OBJC_ARC = YES;
				CLANG_WARN_BOOL_CONVERSION = YES;
				CLANG_WARN_CONSTANT_CONVERSION = YES;
				CLANG_WARN_DIRECT_OBJC_ISA_USAGE = YES_ERROR;
				CLANG_WARN_EMPTY_BODY = YES;
				CLANG_WARN_ENUM_CONVERSION = YES;
				CLANG_WARN_INT_CONVERSION = YES;
				CLANG_WARN_OBJC_ROOT_CLASS = YES_ERROR;
				CLANG_WARN_UNREACHABLE_CODE = YES;
				CLANG_WARN__DUPLICATE_METHOD_MATCH = YES;
				"CODE_SIGN_IDENTITY[sdk=iphoneos*]" = "iPhone Developer";
				COPY_PHASE_STRIP = NO;
				DEBUG_INFORMATION_FORMAT = "dwarf-with-dsym";
				ENABLE_NS_ASSERTIONS = NO;
				ENABLE_STRICT_OBJC_MSGSEND = YES;
				GCC_C_LANGUAGE_STANDARD = gnu99;
				GCC_NO_COMMON_BLOCKS = YES;
				GCC_WARN_64_TO_32_BIT_CONVERSION = YES;
				GCC_WARN_ABOUT_RETURN_TYPE = YES_ERROR;
				GCC_WARN_UNDECLARED_SELECTOR = YES;
				GCC_WARN_UNINITIALIZED_AUTOS = YES_AGGRESSIVE;
				GCC_WARN_UNUSED_FUNCTION = YES;
				GCC_WARN_UNUSED_VARIABLE = YES;
				IPHONEOS_DEPLOYMENT_TARGET = 9.3;
				MTL_ENABLE_DEBUG_INFO = NO;
				SDKROOT = iphoneos;
				TARGETED_DEVICE_FAMILY = "1,2";
				VALIDATE_PRODUCT = YES;
			};
			name = Release;
		};
		DE9E12911D127AA800A0179D /* Debug */ = {
			isa = XCBuildConfiguration;
			buildSettings = {
				ASSETCATALOG_COMPILER_APPICON_NAME = AppIcon;
				INFOPLIST_FILE = BookWorm/Info.plist;
				LD_RUNPATH_SEARCH_PATHS = "$(inherited) @executable_path/Frameworks";
				PRODUCT_BUNDLE_IDENTIFIER = org.vikramhegde.BookWorm;
				PRODUCT_NAME = "$(TARGET_NAME)";
			};
			name = Debug;
		};
		DE9E12921D127AA800A0179D /* Release */ = {
			isa = XCBuildConfiguration;
			buildSettings = {
				ASSETCATALOG_COMPILER_APPICON_NAME = AppIcon;
				INFOPLIST_FILE = BookWorm/Info.plist;
				LD_RUNPATH_SEARCH_PATHS = "$(inherited) @executable_path/Frameworks";
				PRODUCT_BUNDLE_IDENTIFIER = org.vikramhegde.BookWorm;
				PRODUCT_NAME = "$(TARGET_NAME)";
			};
			name = Release;
		};
		DE9E12941D127AA800A0179D /* Debug */ = {
			isa = XCBuildConfiguration;
			buildSettings = {
				BUNDLE_LOADER = "$(TEST_HOST)";
				INFOPLIST_FILE = BookWormTests/Info.plist;
				LD_RUNPATH_SEARCH_PATHS = "$(inherited) @executable_path/Frameworks @loader_path/Frameworks";
				PRODUCT_BUNDLE_IDENTIFIER = org.vikramhegde.BookWormTests;
				PRODUCT_NAME = "$(TARGET_NAME)";
				TEST_HOST = "$(BUILT_PRODUCTS_DIR)/BookWorm.app/BookWorm";
			};
			name = Debug;
		};
		DE9E12951D127AA800A0179D /* Release */ = {
			isa = XCBuildConfiguration;
			buildSettings = {
				BUNDLE_LOADER = "$(TEST_HOST)";
				INFOPLIST_FILE = BookWormTests/Info.plist;
				LD_RUNPATH_SEARCH_PATHS = "$(inherited) @executable_path/Frameworks @loader_path/Frameworks";
				PRODUCT_BUNDLE_IDENTIFIER = org.vikramhegde.BookWormTests;
				PRODUCT_NAME = "$(TARGET_NAME)";
				TEST_HOST = "$(BUILT_PRODUCTS_DIR)/BookWorm.app/BookWorm";
			};
			name = Release;
		};
		DE9E12971D127AA800A0179D /* Debug */ = {
			isa = XCBuildConfiguration;
			buildSettings = {
				INFOPLIST_FILE = BookWormUITests/Info.plist;
				LD_RUNPATH_SEARCH_PATHS = "$(inherited) @executable_path/Frameworks @loader_path/Frameworks";
				PRODUCT_BUNDLE_IDENTIFIER = org.vikramhegde.BookWormUITests;
				PRODUCT_NAME = "$(TARGET_NAME)";
				TEST_TARGET_NAME = BookWorm;
			};
			name = Debug;
		};
		DE9E12981D127AA800A0179D /* Release */ = {
			isa = XCBuildConfiguration;
			buildSettings = {
				INFOPLIST_FILE = BookWormUITests/Info.plist;
				LD_RUNPATH_SEARCH_PATHS = "$(inherited) @executable_path/Frameworks @loader_path/Frameworks";
				PRODUCT_BUNDLE_IDENTIFIER = org.vikramhegde.BookWormUITests;
				PRODUCT_NAME = "$(TARGET_NAME)";
				TEST_TARGET_NAME = BookWorm;
			};
			name = Release;
		};
/* End XCBuildConfiguration section */

/* Begin XCConfigurationList section */
		DE9E12631D127AA700A0179D /* Build configuration list for PBXProject "BookWorm" */ = {
			isa = XCConfigurationList;
			buildConfigurations = (
				DE9E128E1D127AA800A0179D /* Debug */,
				DE9E128F1D127AA800A0179D /* Release */,
			);
			defaultConfigurationIsVisible = 0;
			defaultConfigurationName = Release;
		};
		DE9E12901D127AA800A0179D /* Build configuration list for PBXNativeTarget "BookWorm" */ = {
			isa = XCConfigurationList;
			buildConfigurations = (
				DE9E12911D127AA800A0179D /* Debug */,
				DE9E12921D127AA800A0179D /* Release */,
			);
			defaultConfigurationIsVisible = 0;
		};
		DE9E12931D127AA800A0179D /* Build configuration list for PBXNativeTarget "BookWormTests" */ = {
			isa = XCConfigurationList;
			buildConfigurations = (
				DE9E12941D127AA800A0179D /* Debug */,
				DE9E12951D127AA800A0179D /* Release */,
			);
			defaultConfigurationIsVisible = 0;
		};
		DE9E12961D127AA800A0179D /* Build configuration list for PBXNativeTarget "BookWormUITests" */ = {
			isa = XCConfigurationList;
			buildConfigurations = (
				DE9E12971D127AA800A0179D /* Debug */,
				DE9E12981D127AA800A0179D /* Release */,
			);
			defaultConfigurationIsVisible = 0;
		};
/* End XCConfigurationList section */
	};
	rootObject = DE9E12601D127AA700A0179D /* Project object */;
}
